// !$*UTF8*$!
{
	archiveVersion = 1;
	classes = {
	};
	objectVersion = 56;
	objects = {

/* Begin PBXBuildFile section */
		AD4F892829116D5500246D9C /* HardCodings.swift in Sources */ = {isa = PBXBuildFile; fileRef = AD4F892729116D5500246D9C /* HardCodings.swift */; };
		AD4F892A29116E0D00246D9C /* FetchPhotoListView.swift in Sources */ = {isa = PBXBuildFile; fileRef = AD4F892929116E0D00246D9C /* FetchPhotoListView.swift */; };
		AD4F892E2911703100246D9C /* FetchPhotoByIDViewController.swift in Sources */ = {isa = PBXBuildFile; fileRef = AD4F892D2911703100246D9C /* FetchPhotoByIDViewController.swift */; };
		AD4F89302911705000246D9C /* FetchPhotoByIDView.swift in Sources */ = {isa = PBXBuildFile; fileRef = AD4F892F2911705000246D9C /* FetchPhotoByIDView.swift */; };
		AD4F8936291170E000246D9C /* PhotoByIDViewModel.swift in Sources */ = {isa = PBXBuildFile; fileRef = AD4F8935291170E000246D9C /* PhotoByIDViewModel.swift */; };
		AD4F89382911719200246D9C /* PhotoListCollectionViewCell.swift in Sources */ = {isa = PBXBuildFile; fileRef = AD4F89372911719200246D9C /* PhotoListCollectionViewCell.swift */; };
		AD4F893D2911737E00246D9C /* PhotoByIDCollectionViewCell.swift in Sources */ = {isa = PBXBuildFile; fileRef = AD4F893C2911737E00246D9C /* PhotoByIDCollectionViewCell.swift */; };
		AD4F893F291173A700246D9C /* PhotoManager.swift in Sources */ = {isa = PBXBuildFile; fileRef = AD4F893E291173A700246D9C /* PhotoManager.swift */; };
		AD4F89412911760B00246D9C /* PhotoData.swift in Sources */ = {isa = PBXBuildFile; fileRef = AD4F89402911760B00246D9C /* PhotoData.swift */; };
		AD4F894429117B6600246D9C /* CommonViewModel+Protocol.swift in Sources */ = {isa = PBXBuildFile; fileRef = AD4F894329117B6600246D9C /* CommonViewModel+Protocol.swift */; };
		ADCA400329112A9700FDC8EF /* AppDelegate.swift in Sources */ = {isa = PBXBuildFile; fileRef = ADCA400229112A9700FDC8EF /* AppDelegate.swift */; };
		ADCA400529112A9700FDC8EF /* SceneDelegate.swift in Sources */ = {isa = PBXBuildFile; fileRef = ADCA400429112A9700FDC8EF /* SceneDelegate.swift */; };
		ADCA400729112A9700FDC8EF /* BaseViewController.swift in Sources */ = {isa = PBXBuildFile; fileRef = ADCA400629112A9700FDC8EF /* BaseViewController.swift */; };
		ADCA400A29112A9700FDC8EF /* Main.storyboard in Resources */ = {isa = PBXBuildFile; fileRef = ADCA400829112A9700FDC8EF /* Main.storyboard */; };
		ADCA400C29112A9800FDC8EF /* Assets.xcassets in Resources */ = {isa = PBXBuildFile; fileRef = ADCA400B29112A9800FDC8EF /* Assets.xcassets */; };
		ADCA400F29112A9800FDC8EF /* LaunchScreen.storyboard in Resources */ = {isa = PBXBuildFile; fileRef = ADCA400D29112A9800FDC8EF /* LaunchScreen.storyboard */; };
		ADCA401E2911313C00FDC8EF /* BaseView.swift in Sources */ = {isa = PBXBuildFile; fileRef = ADCA401D2911313C00FDC8EF /* BaseView.swift */; };
		ADCA4020291131C400FDC8EF /* FetchPhotoListViewController.swift in Sources */ = {isa = PBXBuildFile; fileRef = ADCA401F291131C400FDC8EF /* FetchPhotoListViewController.swift */; };
		ADCA40262911332500FDC8EF /* URLSession+Extension.swift in Sources */ = {isa = PBXBuildFile; fileRef = ADCA40252911332500FDC8EF /* URLSession+Extension.swift */; };
		ADCA40282911334600FDC8EF /* .gitignore in Resources */ = {isa = PBXBuildFile; fileRef = ADCA40272911334600FDC8EF /* .gitignore */; };
		ADCA402B2911338F00FDC8EF /* APIKeys.swift in Sources */ = {isa = PBXBuildFile; fileRef = ADCA402A2911338F00FDC8EF /* APIKeys.swift */; };
		ADCA402D291133C100FDC8EF /* Endpoints.swift in Sources */ = {isa = PBXBuildFile; fileRef = ADCA402C291133C100FDC8EF /* Endpoints.swift */; };
		ADF21D072911F32B00383C5F /* RxCocoa in Frameworks */ = {isa = PBXBuildFile; productRef = ADF21D062911F32B00383C5F /* RxCocoa */; };
		ADF21D092911F32B00383C5F /* RxSwift in Frameworks */ = {isa = PBXBuildFile; productRef = ADF21D082911F32B00383C5F /* RxSwift */; };
		ADF21D0D2911F4A600383C5F /* PhotoListViewModel.swift in Sources */ = {isa = PBXBuildFile; fileRef = ADF21D0C2911F4A600383C5F /* PhotoListViewModel.swift */; };
/* End PBXBuildFile section */

/* Begin PBXFileReference section */
		AD4F892729116D5500246D9C /* HardCodings.swift */ = {isa = PBXFileReference; lastKnownFileType = sourcecode.swift; path = HardCodings.swift; sourceTree = "<group>"; };
		AD4F892929116E0D00246D9C /* FetchPhotoListView.swift */ = {isa = PBXFileReference; lastKnownFileType = sourcecode.swift; path = FetchPhotoListView.swift; sourceTree = "<group>"; };
		AD4F892D2911703100246D9C /* FetchPhotoByIDViewController.swift */ = {isa = PBXFileReference; lastKnownFileType = sourcecode.swift; path = FetchPhotoByIDViewController.swift; sourceTree = "<group>"; };
		AD4F892F2911705000246D9C /* FetchPhotoByIDView.swift */ = {isa = PBXFileReference; lastKnownFileType = sourcecode.swift; path = FetchPhotoByIDView.swift; sourceTree = "<group>"; };
		AD4F8935291170E000246D9C /* PhotoByIDViewModel.swift */ = {isa = PBXFileReference; lastKnownFileType = sourcecode.swift; path = PhotoByIDViewModel.swift; sourceTree = "<group>"; };
		AD4F89372911719200246D9C /* PhotoListCollectionViewCell.swift */ = {isa = PBXFileReference; lastKnownFileType = sourcecode.swift; path = PhotoListCollectionViewCell.swift; sourceTree = "<group>"; };
		AD4F893C2911737E00246D9C /* PhotoByIDCollectionViewCell.swift */ = {isa = PBXFileReference; lastKnownFileType = sourcecode.swift; path = PhotoByIDCollectionViewCell.swift; sourceTree = "<group>"; };
		AD4F893E291173A700246D9C /* PhotoManager.swift */ = {isa = PBXFileReference; lastKnownFileType = sourcecode.swift; path = PhotoManager.swift; sourceTree = "<group>"; };
		AD4F89402911760B00246D9C /* PhotoData.swift */ = {isa = PBXFileReference; lastKnownFileType = sourcecode.swift; path = PhotoData.swift; sourceTree = "<group>"; };
		AD4F894329117B6600246D9C /* CommonViewModel+Protocol.swift */ = {isa = PBXFileReference; lastKnownFileType = sourcecode.swift; path = "CommonViewModel+Protocol.swift"; sourceTree = "<group>"; };
		ADCA3FFF29112A9700FDC8EF /* UnsplashWithRx.app */ = {isa = PBXFileReference; explicitFileType = wrapper.application; includeInIndex = 0; path = UnsplashWithRx.app; sourceTree = BUILT_PRODUCTS_DIR; };
		ADCA400229112A9700FDC8EF /* AppDelegate.swift */ = {isa = PBXFileReference; lastKnownFileType = sourcecode.swift; path = AppDelegate.swift; sourceTree = "<group>"; };
		ADCA400429112A9700FDC8EF /* SceneDelegate.swift */ = {isa = PBXFileReference; lastKnownFileType = sourcecode.swift; path = SceneDelegate.swift; sourceTree = "<group>"; };
		ADCA400629112A9700FDC8EF /* BaseViewController.swift */ = {isa = PBXFileReference; lastKnownFileType = sourcecode.swift; path = BaseViewController.swift; sourceTree = "<group>"; };
		ADCA400929112A9700FDC8EF /* Base */ = {isa = PBXFileReference; lastKnownFileType = file.storyboard; name = Base; path = Base.lproj/Main.storyboard; sourceTree = "<group>"; };
		ADCA400B29112A9800FDC8EF /* Assets.xcassets */ = {isa = PBXFileReference; lastKnownFileType = folder.assetcatalog; path = Assets.xcassets; sourceTree = "<group>"; };
		ADCA400E29112A9800FDC8EF /* Base */ = {isa = PBXFileReference; lastKnownFileType = file.storyboard; name = Base; path = Base.lproj/LaunchScreen.storyboard; sourceTree = "<group>"; };
		ADCA401029112A9800FDC8EF /* Info.plist */ = {isa = PBXFileReference; lastKnownFileType = text.plist.xml; path = Info.plist; sourceTree = "<group>"; };
		ADCA401D2911313C00FDC8EF /* BaseView.swift */ = {isa = PBXFileReference; lastKnownFileType = sourcecode.swift; path = BaseView.swift; sourceTree = "<group>"; };
		ADCA401F291131C400FDC8EF /* FetchPhotoListViewController.swift */ = {isa = PBXFileReference; lastKnownFileType = sourcecode.swift; path = FetchPhotoListViewController.swift; sourceTree = "<group>"; };
		ADCA40252911332500FDC8EF /* URLSession+Extension.swift */ = {isa = PBXFileReference; lastKnownFileType = sourcecode.swift; path = "URLSession+Extension.swift"; sourceTree = "<group>"; };
		ADCA40272911334600FDC8EF /* .gitignore */ = {isa = PBXFileReference; lastKnownFileType = text; path = .gitignore; sourceTree = "<group>"; };
		ADCA402A2911338F00FDC8EF /* APIKeys.swift */ = {isa = PBXFileReference; lastKnownFileType = sourcecode.swift; path = APIKeys.swift; sourceTree = "<group>"; };
		ADCA402C291133C100FDC8EF /* Endpoints.swift */ = {isa = PBXFileReference; lastKnownFileType = sourcecode.swift; path = Endpoints.swift; sourceTree = "<group>"; };
		ADF21D0C2911F4A600383C5F /* PhotoListViewModel.swift */ = {isa = PBXFileReference; lastKnownFileType = sourcecode.swift; path = PhotoListViewModel.swift; sourceTree = "<group>"; };
/* End PBXFileReference section */

/* Begin PBXFrameworksBuildPhase section */
		ADCA3FFC29112A9700FDC8EF /* Frameworks */ = {
			isa = PBXFrameworksBuildPhase;
			buildActionMask = 2147483647;
			files = (
				ADF21D092911F32B00383C5F /* RxSwift in Frameworks */,
				ADF21D072911F32B00383C5F /* RxCocoa in Frameworks */,
			);
			runOnlyForDeploymentPostprocessing = 0;
		};
/* End PBXFrameworksBuildPhase section */

/* Begin PBXGroup section */
		AD4F892C2911701000246D9C /* FetchPhotoByID */ = {
			isa = PBXGroup;
			children = (
				AD4F8935291170E000246D9C /* PhotoByIDViewModel.swift */,
				AD4F892D2911703100246D9C /* FetchPhotoByIDViewController.swift */,
				AD4F892F2911705000246D9C /* FetchPhotoByIDView.swift */,
				AD4F893C2911737E00246D9C /* PhotoByIDCollectionViewCell.swift */,
			);
			path = FetchPhotoByID;
			sourceTree = "<group>";
		};
		AD4F89312911708C00246D9C /* FetchPhotoList */ = {
			isa = PBXGroup;
			children = (
				ADF21D0C2911F4A600383C5F /* PhotoListViewModel.swift */,
				ADCA401F291131C400FDC8EF /* FetchPhotoListViewController.swift */,
				AD4F892929116E0D00246D9C /* FetchPhotoListView.swift */,
				AD4F89372911719200246D9C /* PhotoListCollectionViewCell.swift */,
			);
			path = FetchPhotoList;
			sourceTree = "<group>";
		};
		AD4F894229117B5400246D9C /* Protocols */ = {
			isa = PBXGroup;
			children = (
				AD4F894329117B6600246D9C /* CommonViewModel+Protocol.swift */,
			);
			path = Protocols;
			sourceTree = "<group>";
		};
		ADCA3FF629112A9700FDC8EF = {
			isa = PBXGroup;
			children = (
				ADCA40272911334600FDC8EF /* .gitignore */,
				ADCA400129112A9700FDC8EF /* UnsplashWithRx */,
				ADCA400029112A9700FDC8EF /* Products */,
			);
			sourceTree = "<group>";
		};
		ADCA400029112A9700FDC8EF /* Products */ = {
			isa = PBXGroup;
			children = (
				ADCA3FFF29112A9700FDC8EF /* UnsplashWithRx.app */,
			);
			name = Products;
			sourceTree = "<group>";
		};
		ADCA400129112A9700FDC8EF /* UnsplashWithRx */ = {
			isa = PBXGroup;
			children = (
				ADCA400229112A9700FDC8EF /* AppDelegate.swift */,
				ADCA400429112A9700FDC8EF /* SceneDelegate.swift */,
				ADCA40292911338400FDC8EF /* Networking */,
				ADCA401B2911302E00FDC8EF /* Constants */,
				ADCA4021291131D100FDC8EF /* Presents */,
				ADCA400829112A9700FDC8EF /* Main.storyboard */,
				ADCA400B29112A9800FDC8EF /* Assets.xcassets */,
				ADCA400D29112A9800FDC8EF /* LaunchScreen.storyboard */,
				ADCA401029112A9800FDC8EF /* Info.plist */,
			);
			path = UnsplashWithRx;
			sourceTree = "<group>";
		};
		ADCA401B2911302E00FDC8EF /* Constants */ = {
			isa = PBXGroup;
			children = (
				ADCA401C291130AC00FDC8EF /* Base */,
				AD4F894229117B5400246D9C /* Protocols */,
				ADCA40232911321900FDC8EF /* Extensions */,
				ADCA40242911323A00FDC8EF /* Data */,
			);
			path = Constants;
			sourceTree = "<group>";
		};
		ADCA401C291130AC00FDC8EF /* Base */ = {
			isa = PBXGroup;
			children = (
				ADCA400629112A9700FDC8EF /* BaseViewController.swift */,
				ADCA401D2911313C00FDC8EF /* BaseView.swift */,
			);
			path = Base;
			sourceTree = "<group>";
		};
		ADCA4021291131D100FDC8EF /* Presents */ = {
			isa = PBXGroup;
			children = (
				AD4F89312911708C00246D9C /* FetchPhotoList */,
				AD4F892C2911701000246D9C /* FetchPhotoByID */,
			);
			path = Presents;
			sourceTree = "<group>";
		};
		ADCA40232911321900FDC8EF /* Extensions */ = {
			isa = PBXGroup;
			children = (
				ADCA40252911332500FDC8EF /* URLSession+Extension.swift */,
			);
			path = Extensions;
			sourceTree = "<group>";
		};
		ADCA40242911323A00FDC8EF /* Data */ = {
			isa = PBXGroup;
			children = (
				AD4F892729116D5500246D9C /* HardCodings.swift */,
			);
			path = Data;
			sourceTree = "<group>";
		};
		ADCA40292911338400FDC8EF /* Networking */ = {
			isa = PBXGroup;
			children = (
				ADCA402A2911338F00FDC8EF /* APIKeys.swift */,
				ADCA402C291133C100FDC8EF /* Endpoints.swift */,
				AD4F893E291173A700246D9C /* PhotoManager.swift */,
				AD4F89402911760B00246D9C /* PhotoData.swift */,
			);
			path = Networking;
			sourceTree = "<group>";
		};
/* End PBXGroup section */

/* Begin PBXNativeTarget section */
		ADCA3FFE29112A9700FDC8EF /* UnsplashWithRx */ = {
			isa = PBXNativeTarget;
			buildConfigurationList = ADCA401329112A9800FDC8EF /* Build configuration list for PBXNativeTarget "UnsplashWithRx" */;
			buildPhases = (
				ADCA3FFB29112A9700FDC8EF /* Sources */,
				ADCA3FFC29112A9700FDC8EF /* Frameworks */,
				ADCA3FFD29112A9700FDC8EF /* Resources */,
			);
			buildRules = (
			);
			dependencies = (
			);
			name = UnsplashWithRx;
			packageProductDependencies = (
				ADF21D062911F32B00383C5F /* RxCocoa */,
				ADF21D082911F32B00383C5F /* RxSwift */,
			);
			productName = UnsplashWithRx;
			productReference = ADCA3FFF29112A9700FDC8EF /* UnsplashWithRx.app */;
			productType = "com.apple.product-type.application";
		};
/* End PBXNativeTarget section */

/* Begin PBXProject section */
		ADCA3FF729112A9700FDC8EF /* Project object */ = {
			isa = PBXProject;
			attributes = {
				BuildIndependentTargetsInParallel = 1;
				LastSwiftUpdateCheck = 1400;
				LastUpgradeCheck = 1400;
				TargetAttributes = {
					ADCA3FFE29112A9700FDC8EF = {
						CreatedOnToolsVersion = 14.0.1;
					};
				};
			};
			buildConfigurationList = ADCA3FFA29112A9700FDC8EF /* Build configuration list for PBXProject "UnsplashWithRx" */;
			compatibilityVersion = "Xcode 14.0";
			developmentRegion = en;
			hasScannedForEncodings = 0;
			knownRegions = (
				en,
				Base,
			);
			mainGroup = ADCA3FF629112A9700FDC8EF;
			packageReferences = (
				ADF21D052911F32B00383C5F /* XCRemoteSwiftPackageReference "RxSwift" */,
			);
			productRefGroup = ADCA400029112A9700FDC8EF /* Products */;
			projectDirPath = "";
			projectRoot = "";
			targets = (
				ADCA3FFE29112A9700FDC8EF /* UnsplashWithRx */,
			);
		};
/* End PBXProject section */

/* Begin PBXResourcesBuildPhase section */
		ADCA3FFD29112A9700FDC8EF /* Resources */ = {
			isa = PBXResourcesBuildPhase;
			buildActionMask = 2147483647;
			files = (
				ADCA40282911334600FDC8EF /* .gitignore in Resources */,
				ADCA400F29112A9800FDC8EF /* LaunchScreen.storyboard in Resources */,
				ADCA400C29112A9800FDC8EF /* Assets.xcassets in Resources */,
				ADCA400A29112A9700FDC8EF /* Main.storyboard in Resources */,
			);
			runOnlyForDeploymentPostprocessing = 0;
		};
/* End PBXResourcesBuildPhase section */

/* Begin PBXSourcesBuildPhase section */
		ADCA3FFB29112A9700FDC8EF /* Sources */ = {
			isa = PBXSourcesBuildPhase;
			buildActionMask = 2147483647;
			files = (
				AD4F892A29116E0D00246D9C /* FetchPhotoListView.swift in Sources */,
				AD4F89412911760B00246D9C /* PhotoData.swift in Sources */,
				AD4F893F291173A700246D9C /* PhotoManager.swift in Sources */,
				AD4F892E2911703100246D9C /* FetchPhotoByIDViewController.swift in Sources */,
				AD4F89302911705000246D9C /* FetchPhotoByIDView.swift in Sources */,
				ADCA400729112A9700FDC8EF /* BaseViewController.swift in Sources */,
				AD4F8936291170E000246D9C /* PhotoByIDViewModel.swift in Sources */,
				AD4F894429117B6600246D9C /* CommonViewModel+Protocol.swift in Sources */,
				ADCA400329112A9700FDC8EF /* AppDelegate.swift in Sources */,
				AD4F89382911719200246D9C /* PhotoListCollectionViewCell.swift in Sources */,
				ADCA402B2911338F00FDC8EF /* APIKeys.swift in Sources */,
				AD4F892829116D5500246D9C /* HardCodings.swift in Sources */,
				ADCA40262911332500FDC8EF /* URLSession+Extension.swift in Sources */,
				ADCA4020291131C400FDC8EF /* FetchPhotoListViewController.swift in Sources */,
				ADF21D0D2911F4A600383C5F /* PhotoListViewModel.swift in Sources */,
				ADCA400529112A9700FDC8EF /* SceneDelegate.swift in Sources */,
				ADCA402D291133C100FDC8EF /* Endpoints.swift in Sources */,
				ADCA401E2911313C00FDC8EF /* BaseView.swift in Sources */,
				AD4F893D2911737E00246D9C /* PhotoByIDCollectionViewCell.swift in Sources */,
			);
			runOnlyForDeploymentPostprocessing = 0;
		};
/* End PBXSourcesBuildPhase section */

/* Begin PBXVariantGroup section */
		ADCA400829112A9700FDC8EF /* Main.storyboard */ = {
			isa = PBXVariantGroup;
			children = (
				ADCA400929112A9700FDC8EF /* Base */,
			);
			name = Main.storyboard;
			sourceTree = "<group>";
		};
		ADCA400D29112A9800FDC8EF /* LaunchScreen.storyboard */ = {
			isa = PBXVariantGroup;
			children = (
				ADCA400E29112A9800FDC8EF /* Base */,
			);
			name = LaunchScreen.storyboard;
			sourceTree = "<group>";
		};
/* End PBXVariantGroup section */

/* Begin XCBuildConfiguration section */
		ADCA401129112A9800FDC8EF /* Debug */ = {
			isa = XCBuildConfiguration;
			buildSettings = {
				ALWAYS_SEARCH_USER_PATHS = NO;
				CLANG_ANALYZER_NONNULL = YES;
				CLANG_ANALYZER_NUMBER_OBJECT_CONVERSION = YES_AGGRESSIVE;
				CLANG_CXX_LANGUAGE_STANDARD = "gnu++20";
				CLANG_ENABLE_MODULES = YES;
				CLANG_ENABLE_OBJC_ARC = YES;
				CLANG_ENABLE_OBJC_WEAK = YES;
				CLANG_WARN_BLOCK_CAPTURE_AUTORELEASING = YES;
				CLANG_WARN_BOOL_CONVERSION = YES;
				CLANG_WARN_COMMA = YES;
				CLANG_WARN_CONSTANT_CONVERSION = YES;
				CLANG_WARN_DEPRECATED_OBJC_IMPLEMENTATIONS = YES;
				CLANG_WARN_DIRECT_OBJC_ISA_USAGE = YES_ERROR;
				CLANG_WARN_DOCUMENTATION_COMMENTS = YES;
				CLANG_WARN_EMPTY_BODY = YES;
				CLANG_WARN_ENUM_CONVERSION = YES;
				CLANG_WARN_INFINITE_RECURSION = YES;
				CLANG_WARN_INT_CONVERSION = YES;
				CLANG_WARN_NON_LITERAL_NULL_CONVERSION = YES;
				CLANG_WARN_OBJC_IMPLICIT_RETAIN_SELF = YES;
				CLANG_WARN_OBJC_LITERAL_CONVERSION = YES;
				CLANG_WARN_OBJC_ROOT_CLASS = YES_ERROR;
				CLANG_WARN_QUOTED_INCLUDE_IN_FRAMEWORK_HEADER = YES;
				CLANG_WARN_RANGE_LOOP_ANALYSIS = YES;
				CLANG_WARN_STRICT_PROTOTYPES = YES;
				CLANG_WARN_SUSPICIOUS_MOVE = YES;
				CLANG_WARN_UNGUARDED_AVAILABILITY = YES_AGGRESSIVE;
				CLANG_WARN_UNREACHABLE_CODE = YES;
				CLANG_WARN__DUPLICATE_METHOD_MATCH = YES;
				COPY_PHASE_STRIP = NO;
				DEBUG_INFORMATION_FORMAT = dwarf;
				ENABLE_STRICT_OBJC_MSGSEND = YES;
				ENABLE_TESTABILITY = YES;
				GCC_C_LANGUAGE_STANDARD = gnu11;
				GCC_DYNAMIC_NO_PIC = NO;
				GCC_NO_COMMON_BLOCKS = YES;
				GCC_OPTIMIZATION_LEVEL = 0;
				GCC_PREPROCESSOR_DEFINITIONS = (
					"DEBUG=1",
					"$(inherited)",
				);
				GCC_WARN_64_TO_32_BIT_CONVERSION = YES;
				GCC_WARN_ABOUT_RETURN_TYPE = YES_ERROR;
				GCC_WARN_UNDECLARED_SELECTOR = YES;
				GCC_WARN_UNINITIALIZED_AUTOS = YES_AGGRESSIVE;
				GCC_WARN_UNUSED_FUNCTION = YES;
				GCC_WARN_UNUSED_VARIABLE = YES;
				IPHONEOS_DEPLOYMENT_TARGET = 15.0;
				MTL_ENABLE_DEBUG_INFO = INCLUDE_SOURCE;
				MTL_FAST_MATH = YES;
				ONLY_ACTIVE_ARCH = YES;
				SDKROOT = iphoneos;
				SWIFT_ACTIVE_COMPILATION_CONDITIONS = DEBUG;
				SWIFT_OPTIMIZATION_LEVEL = "-Onone";
			};
			name = Debug;
		};
		ADCA401229112A9800FDC8EF /* Release */ = {
			isa = XCBuildConfiguration;
			buildSettings = {
				ALWAYS_SEARCH_USER_PATHS = NO;
				CLANG_ANALYZER_NONNULL = YES;
				CLANG_ANALYZER_NUMBER_OBJECT_CONVERSION = YES_AGGRESSIVE;
				CLANG_CXX_LANGUAGE_STANDARD = "gnu++20";
				CLANG_ENABLE_MODULES = YES;
				CLANG_ENABLE_OBJC_ARC = YES;
				CLANG_ENABLE_OBJC_WEAK = YES;
				CLANG_WARN_BLOCK_CAPTURE_AUTORELEASING = YES;
				CLANG_WARN_BOOL_CONVERSION = YES;
				CLANG_WARN_COMMA = YES;
				CLANG_WARN_CONSTANT_CONVERSION = YES;
				CLANG_WARN_DEPRECATED_OBJC_IMPLEMENTATIONS = YES;
				CLANG_WARN_DIRECT_OBJC_ISA_USAGE = YES_ERROR;
				CLANG_WARN_DOCUMENTATION_COMMENTS = YES;
				CLANG_WARN_EMPTY_BODY = YES;
				CLANG_WARN_ENUM_CONVERSION = YES;
				CLANG_WARN_INFINITE_RECURSION = YES;
				CLANG_WARN_INT_CONVERSION = YES;
				CLANG_WARN_NON_LITERAL_NULL_CONVERSION = YES;
				CLANG_WARN_OBJC_IMPLICIT_RETAIN_SELF = YES;
				CLANG_WARN_OBJC_LITERAL_CONVERSION = YES;
				CLANG_WARN_OBJC_ROOT_CLASS = YES_ERROR;
				CLANG_WARN_QUOTED_INCLUDE_IN_FRAMEWORK_HEADER = YES;
				CLANG_WARN_RANGE_LOOP_ANALYSIS = YES;
				CLANG_WARN_STRICT_PROTOTYPES = YES;
				CLANG_WARN_SUSPICIOUS_MOVE = YES;
				CLANG_WARN_UNGUARDED_AVAILABILITY = YES_AGGRESSIVE;
				CLANG_WARN_UNREACHABLE_CODE = YES;
				CLANG_WARN__DUPLICATE_METHOD_MATCH = YES;
				COPY_PHASE_STRIP = NO;
				DEBUG_INFORMATION_FORMAT = "dwarf-with-dsym";
				ENABLE_NS_ASSERTIONS = NO;
				ENABLE_STRICT_OBJC_MSGSEND = YES;
				GCC_C_LANGUAGE_STANDARD = gnu11;
				GCC_NO_COMMON_BLOCKS = YES;
				GCC_WARN_64_TO_32_BIT_CONVERSION = YES;
				GCC_WARN_ABOUT_RETURN_TYPE = YES_ERROR;
				GCC_WARN_UNDECLARED_SELECTOR = YES;
				GCC_WARN_UNINITIALIZED_AUTOS = YES_AGGRESSIVE;
				GCC_WARN_UNUSED_FUNCTION = YES;
				GCC_WARN_UNUSED_VARIABLE = YES;
				IPHONEOS_DEPLOYMENT_TARGET = 15.0;
				MTL_ENABLE_DEBUG_INFO = NO;
				MTL_FAST_MATH = YES;
				SDKROOT = iphoneos;
				SWIFT_COMPILATION_MODE = wholemodule;
				SWIFT_OPTIMIZATION_LEVEL = "-O";
				VALIDATE_PRODUCT = YES;
			};
			name = Release;
		};
		ADCA401429112A9800FDC8EF /* Debug */ = {
			isa = XCBuildConfiguration;
			buildSettings = {
				ASSETCATALOG_COMPILER_APPICON_NAME = AppIcon;
				ASSETCATALOG_COMPILER_GLOBAL_ACCENT_COLOR_NAME = AccentColor;
				CODE_SIGN_STYLE = Automatic;
				CURRENT_PROJECT_VERSION = 1;
				DEVELOPMENT_TEAM = DLA597KS3F;
				GENERATE_INFOPLIST_FILE = YES;
				INFOPLIST_FILE = UnsplashWithRx/Info.plist;
				INFOPLIST_KEY_UIApplicationSupportsIndirectInputEvents = YES;
				INFOPLIST_KEY_UILaunchStoryboardName = "";
				INFOPLIST_KEY_UIMainStoryboardFile = Main;
				INFOPLIST_KEY_UISupportedInterfaceOrientations = UIInterfaceOrientationPortrait;
				INFOPLIST_KEY_UISupportedInterfaceOrientations_iPad = UIInterfaceOrientationPortrait;
				LD_RUNPATH_SEARCH_PATHS = (
					"$(inherited)",
					"@executable_path/Frameworks",
				);
				MARKETING_VERSION = 1.0;
				PRODUCT_BUNDLE_IDENTIFIER = com.jhee.UnsplashWithRx;
				PRODUCT_NAME = "$(TARGET_NAME)";
				SUPPORTED_PLATFORMS = "iphoneos iphonesimulator";
				SUPPORTS_MACCATALYST = NO;
				SUPPORTS_MAC_DESIGNED_FOR_IPHONE_IPAD = NO;
				SWIFT_EMIT_LOC_STRINGS = YES;
				SWIFT_VERSION = 5.0;
				TARGETED_DEVICE_FAMILY = 1;
			};
			name = Debug;
		};
		ADCA401529112A9800FDC8EF /* Release */ = {
			isa = XCBuildConfiguration;
			buildSettings = {
				ASSETCATALOG_COMPILER_APPICON_NAME = AppIcon;
				ASSETCATALOG_COMPILER_GLOBAL_ACCENT_COLOR_NAME = AccentColor;
				CODE_SIGN_STYLE = Automatic;
				CURRENT_PROJECT_VERSION = 1;
				DEVELOPMENT_TEAM = DLA597KS3F;
				GENERATE_INFOPLIST_FILE = YES;
				INFOPLIST_FILE = UnsplashWithRx/Info.plist;
				INFOPLIST_KEY_UIApplicationSupportsIndirectInputEvents = YES;
				INFOPLIST_KEY_UILaunchStoryboardName = "";
				INFOPLIST_KEY_UIMainStoryboardFile = Main;
				INFOPLIST_KEY_UISupportedInterfaceOrientations = UIInterfaceOrientationPortrait;
				INFOPLIST_KEY_UISupportedInterfaceOrientations_iPad = UIInterfaceOrientationPortrait;
				LD_RUNPATH_SEARCH_PATHS = (
					"$(inherited)",
					"@executable_path/Frameworks",
				);
				MARKETING_VERSION = 1.0;
				PRODUCT_BUNDLE_IDENTIFIER = com.jhee.UnsplashWithRx;
				PRODUCT_NAME = "$(TARGET_NAME)";
				SUPPORTED_PLATFORMS = "iphoneos iphonesimulator";
				SUPPORTS_MACCATALYST = NO;
				SUPPORTS_MAC_DESIGNED_FOR_IPHONE_IPAD = NO;
				SWIFT_EMIT_LOC_STRINGS = YES;
				SWIFT_VERSION = 5.0;
				TARGETED_DEVICE_FAMILY = 1;
			};
			name = Release;
		};
/* End XCBuildConfiguration section */

/* Begin XCConfigurationList section */
		ADCA3FFA29112A9700FDC8EF /* Build configuration list for PBXProject "UnsplashWithRx" */ = {
			isa = XCConfigurationList;
			buildConfigurations = (
				ADCA401129112A9800FDC8EF /* Debug */,
				ADCA401229112A9800FDC8EF /* Release */,
			);
			defaultConfigurationIsVisible = 0;
			defaultConfigurationName = Release;
		};
		ADCA401329112A9800FDC8EF /* Build configuration list for PBXNativeTarget "UnsplashWithRx" */ = {
			isa = XCConfigurationList;
			buildConfigurations = (
				ADCA401429112A9800FDC8EF /* Debug */,
				ADCA401529112A9800FDC8EF /* Release */,
			);
			defaultConfigurationIsVisible = 0;
			defaultConfigurationName = Release;
		};
/* End XCConfigurationList section */

/* Begin XCRemoteSwiftPackageReference section */
		ADF21D052911F32B00383C5F /* XCRemoteSwiftPackageReference "RxSwift" */ = {
			isa = XCRemoteSwiftPackageReference;
			repositoryURL = "https://github.com/ReactiveX/RxSwift.git";
			requirement = {
				kind = upToNextMajorVersion;
				minimumVersion = 6.0.0;
			};
		};
/* End XCRemoteSwiftPackageReference section */

/* Begin XCSwiftPackageProductDependency section */
		ADF21D062911F32B00383C5F /* RxCocoa */ = {
			isa = XCSwiftPackageProductDependency;
			package = ADF21D052911F32B00383C5F /* XCRemoteSwiftPackageReference "RxSwift" */;
			productName = RxCocoa;
		};
		ADF21D082911F32B00383C5F /* RxSwift */ = {
			isa = XCSwiftPackageProductDependency;
			package = ADF21D052911F32B00383C5F /* XCRemoteSwiftPackageReference "RxSwift" */;
			productName = RxSwift;
		};
/* End XCSwiftPackageProductDependency section */
	};
	rootObject = ADCA3FF729112A9700FDC8EF /* Project object */;
}
